Microsoft Visual Studio Solution File, Format Version 12.00
# Visual Studio Version 17
VisualStudioVersion = 17.5.2.0
MinimumVisualStudioVersion = 10.0.40219.1
Project("{2150E333-8FDC-42A3-9474-1A3956D46DE8}") = "backend", "backend", "{1AE8ACA6-933B-BF2A-3671-3E2EAC007D16}"
EndProject
Project("{FAE04EC0-301F-11D3-BF4B-00C04F79EFBC}") = "Moore.API", "backend\Moore.API\Moore.API.csproj", "{C5DF74BB-982F-851A-AC8F-FBBBF425697A}"
EndProject
Project("{FAE04EC0-301F-11D3-BF4B-00C04F79EFBC}") = "Moore.Core", "backend\Moore.Core\Moore.Core.csproj", "{38B62262-D636-F877-709A-1611D06718A5}"
EndProject
Project("{FAE04EC0-301F-11D3-BF4B-00C04F79EFBC}") = "Moore.Services", "backend\Moore.Services\Moore.Services.csproj", "{15C5916C-513A-40D8-8603-7A62BF2E9B9B}"
EndProject
Global
	GlobalSection(SolutionConfigurationPlatforms) = preSolution
		Debug|Any CPU = Debug|Any CPU
		Release|Any CPU = Release|Any CPU
	EndGlobalSection
	GlobalSection(ProjectConfigurationPlatforms) = postSolution
		{C5DF74BB-982F-851A-AC8F-FBBBF425697A}.Debug|Any CPU.ActiveCfg = Debug|Any CPU
		{C5DF74BB-982F-851A-AC8F-FBBBF425697A}.Debug|Any CPU.Build.0 = Debug|Any CPU
		{C5DF74BB-982F-851A-AC8F-FBBBF425697A}.Release|Any CPU.ActiveCfg = Release|Any CPU
		{C5DF74BB-982F-851A-AC8F-FBBBF425697A}.Release|Any CPU.Build.0 = Release|Any CPU
		{38B62262-D636-F877-709A-1611D06718A5}.Debug|Any CPU.ActiveCfg = Debug|Any CPU
		{38B62262-D636-F877-709A-1611D06718A5}.Debug|Any CPU.Build.0 = Debug|Any CPU
		{38B62262-D636-F877-709A-1611D06718A5}.Release|Any CPU.ActiveCfg = Release|Any CPU
		{38B62262-D636-F877-709A-1611D06718A5}.Release|Any CPU.Build.0 = Release|Any CPU
		{15C5916C-513A-40D8-8603-7A62BF2E9B9B}.Debug|Any CPU.ActiveCfg = Debug|Any CPU
		{15C5916C-513A-40D8-8603-7A62BF2E9B9B}.Debug|Any CPU.Build.0 = Debug|Any CPU
		{15C5916C-513A-40D8-8603-7A62BF2E9B9B}.Release|Any CPU.ActiveCfg = Release|Any CPU
		{15C5916C-513A-40D8-8603-7A62BF2E9B9B}.Release|Any CPU.Build.0 = Release|Any CPU
	EndGlobalSection
	GlobalSection(SolutionProperties) = preSolution
		HideSolutionNode = FALSE
	EndGlobalSection
	GlobalSection(NestedProjects) = preSolution
		{C5DF74BB-982F-851A-AC8F-FBBBF425697A} = {1AE8ACA6-933B-BF2A-3671-3E2EAC007D16}
		{38B62262-D636-F877-709A-1611D06718A5} = {1AE8ACA6-933B-BF2A-3671-3E2EAC007D16}
		{15C5916C-513A-40D8-8603-7A62BF2E9B9B} = {1AE8ACA6-933B-BF2A-3671-3E2EAC007D16}
	EndGlobalSection
	GlobalSection(ExtensibilityGlobals) = postSolution
		SolutionGuid = {4655A568-1B4C-4AF6-84D6-CC7B8461CC91}
	EndGlobalSection
EndGlobal
